
Microsoft Visual Studio Solution File, Format Version 12.00
# Visual Studio Version 16
VisualStudioVersion = 25.0.1704.2
MinimumVisualStudioVersion = 10.0.40219.1
Project("{FAE04EC0-301F-11D3-BF4B-00C04F79EFBC}") = "NLogDemo", "NLogDemo\NLogDemo.csproj", "{9F86A104-8C22-488E-99F1-0F5C9D6A9C4A}"
EndProject
Global
	GlobalSection(SolutionConfigurationPlatforms) = preSolution
		Debug|Any CPU = Debug|Any CPU
		Release|Any CPU = Release|Any CPU
	EndGlobalSection
	GlobalSection(ProjectConfigurationPlatforms) = postSolution
		{9F86A104-8C22-488E-99F1-0F5C9D6A9C4A}.Debug|Any CPU.ActiveCfg = Debug|Any CPU
		{9F86A104-8C22-488E-99F1-0F5C9D6A9C4A}.Debug|Any CPU.Build.0 = Debug|Any CPU
		{9F86A104-8C22-488E-99F1-0F5C9D6A9C4A}.Release|Any CPU.ActiveCfg = Release|Any CPU
		{9F86A104-8C22-488E-99F1-0F5C9D6A9C4A}.Release|Any CPU.Build.0 = Release|Any CPU
	EndGlobalSection
	GlobalSection(SolutionProperties) = preSolution
		HideSolutionNode = FALSE
	EndGlobalSection
	GlobalSection(ExtensibilityGlobals) = postSolution
		SolutionGuid = {EF8BDF7E-EDA8-4BF5-BA95-C27006CB27F7}
	EndGlobalSection
EndGlobal
